// !$*UTF8*$!
{
	archiveVersion = 1;
	classes = {
	};
	objectVersion = 56;
	objects = {

/* Begin PBXBuildFile section */
		795BE7862AE00A8400A61317 /* Tab_App_ExampleApp.swift in Sources */ = {isa = PBXBuildFile; fileRef = 795BE7852AE00A8400A61317 /* Tab_App_ExampleApp.swift */; };
		795BE7882AE00A8400A61317 /* ContentView.swift in Sources */ = {isa = PBXBuildFile; fileRef = 795BE7872AE00A8400A61317 /* ContentView.swift */; };
		795BE78A2AE00A8600A61317 /* Assets.xcassets in Resources */ = {isa = PBXBuildFile; fileRef = 795BE7892AE00A8600A61317 /* Assets.xcassets */; };
		795BE78D2AE00A8600A61317 /* Preview Assets.xcassets in Resources */ = {isa = PBXBuildFile; fileRef = 795BE78C2AE00A8600A61317 /* Preview Assets.xcassets */; };
		795BE7972AE00A8700A61317 /* Tab_App_ExampleTests.swift in Sources */ = {isa = PBXBuildFile; fileRef = 795BE7962AE00A8700A61317 /* Tab_App_ExampleTests.swift */; };
		795BE7A12AE00A8700A61317 /* Tab_App_ExampleUITests.swift in Sources */ = {isa = PBXBuildFile; fileRef = 795BE7A02AE00A8700A61317 /* Tab_App_ExampleUITests.swift */; };
		795BE7A32AE00A8700A61317 /* Tab_App_ExampleUITestsLaunchTests.swift in Sources */ = {isa = PBXBuildFile; fileRef = 795BE7A22AE00A8700A61317 /* Tab_App_ExampleUITestsLaunchTests.swift */; };
		795BE7B02AE00B1700A61317 /* SwiftUIView1.swift in Sources */ = {isa = PBXBuildFile; fileRef = 795BE7AF2AE00B1700A61317 /* SwiftUIView1.swift */; };
		795BE7B22AE00CB100A61317 /* SwiftUIView2.swift in Sources */ = {isa = PBXBuildFile; fileRef = 795BE7B12AE00CB100A61317 /* SwiftUIView2.swift */; };
		795BE7B42AE00CC200A61317 /* SwiftUIView3.swift in Sources */ = {isa = PBXBuildFile; fileRef = 795BE7B32AE00CC200A61317 /* SwiftUIView3.swift */; };
/* End PBXBuildFile section */

/* Begin PBXContainerItemProxy section */
		795BE7932AE00A8700A61317 /* PBXContainerItemProxy */ = {
			isa = PBXContainerItemProxy;
			containerPortal = 795BE77A2AE00A8400A61317 /* Project object */;
			proxyType = 1;
			remoteGlobalIDString = 795BE7812AE00A8400A61317;
			remoteInfo = Tab_App_Example;
		};
		795BE79D2AE00A8700A61317 /* PBXContainerItemProxy */ = {
			isa = PBXContainerItemProxy;
			containerPortal = 795BE77A2AE00A8400A61317 /* Project object */;
			proxyType = 1;
			remoteGlobalIDString = 795BE7812AE00A8400A61317;
			remoteInfo = Tab_App_Example;
		};
/* End PBXContainerItemProxy section */

/* Begin PBXFileReference section */
		795BE7822AE00A8400A61317 /* Tab_App_Example.app */ = {isa = PBXFileReference; explicitFileType = wrapper.application; includeInIndex = 0; path = Tab_App_Example.app; sourceTree = BUILT_PRODUCTS_DIR; };
		795BE7852AE00A8400A61317 /* Tab_App_ExampleApp.swift */ = {isa = PBXFileReference; lastKnownFileType = sourcecode.swift; path = Tab_App_ExampleApp.swift; sourceTree = "<group>"; };
		795BE7872AE00A8400A61317 /* ContentView.swift */ = {isa = PBXFileReference; lastKnownFileType = sourcecode.swift; path = ContentView.swift; sourceTree = "<group>"; };
		795BE7892AE00A8600A61317 /* Assets.xcassets */ = {isa = PBXFileReference; lastKnownFileType = folder.assetcatalog; path = Assets.xcassets; sourceTree = "<group>"; };
		795BE78C2AE00A8600A61317 /* Preview Assets.xcassets */ = {isa = PBXFileReference; lastKnownFileType = folder.assetcatalog; path = "Preview Assets.xcassets"; sourceTree = "<group>"; };
		795BE7922AE00A8700A61317 /* Tab_App_ExampleTests.xctest */ = {isa = PBXFileReference; explicitFileType = wrapper.cfbundle; includeInIndex = 0; path = Tab_App_ExampleTests.xctest; sourceTree = BUILT_PRODUCTS_DIR; };
		795BE7962AE00A8700A61317 /* Tab_App_ExampleTests.swift */ = {isa = PBXFileReference; lastKnownFileType = sourcecode.swift; path = Tab_App_ExampleTests.swift; sourceTree = "<group>"; };
		795BE79C2AE00A8700A61317 /* Tab_App_ExampleUITests.xctest */ = {isa = PBXFileReference; explicitFileType = wrapper.cfbundle; includeInIndex = 0; path = Tab_App_ExampleUITests.xctest; sourceTree = BUILT_PRODUCTS_DIR; };
		795BE7A02AE00A8700A61317 /* Tab_App_ExampleUITests.swift */ = {isa = PBXFileReference; lastKnownFileType = sourcecode.swift; path = Tab_App_ExampleUITests.swift; sourceTree = "<group>"; };
		795BE7A22AE00A8700A61317 /* Tab_App_ExampleUITestsLaunchTests.swift */ = {isa = PBXFileReference; lastKnownFileType = sourcecode.swift; path = Tab_App_ExampleUITestsLaunchTests.swift; sourceTree = "<group>"; };
		795BE7AF2AE00B1700A61317 /* SwiftUIView1.swift */ = {isa = PBXFileReference; lastKnownFileType = sourcecode.swift; path = SwiftUIView1.swift; sourceTree = "<group>"; };
		795BE7B12AE00CB100A61317 /* SwiftUIView2.swift */ = {isa = PBXFileReference; lastKnownFileType = sourcecode.swift; path = SwiftUIView2.swift; sourceTree = "<group>"; };
		795BE7B32AE00CC200A61317 /* SwiftUIView3.swift */ = {isa = PBXFileReference; lastKnownFileType = sourcecode.swift; path = SwiftUIView3.swift; sourceTree = "<group>"; };
/* End PBXFileReference section */

/* Begin PBXFrameworksBuildPhase section */
		795BE77F2AE00A8400A61317 /* Frameworks */ = {
			isa = PBXFrameworksBuildPhase;
			buildActionMask = 2147483647;
			files = (
			);
			runOnlyForDeploymentPostprocessing = 0;
		};
		795BE78F2AE00A8700A61317 /* Frameworks */ = {
			isa = PBXFrameworksBuildPhase;
			buildActionMask = 2147483647;
			files = (
			);
			runOnlyForDeploymentPostprocessing = 0;
		};
		795BE7992AE00A8700A61317 /* Frameworks */ = {
			isa = PBXFrameworksBuildPhase;
			buildActionMask = 2147483647;
			files = (
			);
			runOnlyForDeploymentPostprocessing = 0;
		};
/* End PBXFrameworksBuildPhase section */

/* Begin PBXGroup section */
		795BE7792AE00A8400A61317 = {
			isa = PBXGroup;
			children = (
				795BE7842AE00A8400A61317 /* Tab_App_Example */,
				795BE7952AE00A8700A61317 /* Tab_App_ExampleTests */,
				795BE79F2AE00A8700A61317 /* Tab_App_ExampleUITests */,
				795BE7832AE00A8400A61317 /* Products */,
			);
			sourceTree = "<group>";
		};
		795BE7832AE00A8400A61317 /* Products */ = {
			isa = PBXGroup;
			children = (
				795BE7822AE00A8400A61317 /* Tab_App_Example.app */,
				795BE7922AE00A8700A61317 /* Tab_App_ExampleTests.xctest */,
				795BE79C2AE00A8700A61317 /* Tab_App_ExampleUITests.xctest */,
			);
			name = Products;
			sourceTree = "<group>";
		};
		795BE7842AE00A8400A61317 /* Tab_App_Example */ = {
			isa = PBXGroup;
			children = (
				795BE7852AE00A8400A61317 /* Tab_App_ExampleApp.swift */,
				795BE7872AE00A8400A61317 /* ContentView.swift */,
				795BE7AF2AE00B1700A61317 /* SwiftUIView1.swift */,
				795BE7B12AE00CB100A61317 /* SwiftUIView2.swift */,
				795BE7B32AE00CC200A61317 /* SwiftUIView3.swift */,
				795BE7892AE00A8600A61317 /* Assets.xcassets */,
				795BE78B2AE00A8600A61317 /* Preview Content */,
			);
			path = Tab_App_Example;
			sourceTree = "<group>";
		};
		795BE78B2AE00A8600A61317 /* Preview Content */ = {
			isa = PBXGroup;
			children = (
				795BE78C2AE00A8600A61317 /* Preview Assets.xcassets */,
			);
			path = "Preview Content";
			sourceTree = "<group>";
		};
		795BE7952AE00A8700A61317 /* Tab_App_ExampleTests */ = {
			isa = PBXGroup;
			children = (
				795BE7962AE00A8700A61317 /* Tab_App_ExampleTests.swift */,
			);
			path = Tab_App_ExampleTests;
			sourceTree = "<group>";
		};
		795BE79F2AE00A8700A61317 /* Tab_App_ExampleUITests */ = {
			isa = PBXGroup;
			children = (
				795BE7A02AE00A8700A61317 /* Tab_App_ExampleUITests.swift */,
				795BE7A22AE00A8700A61317 /* Tab_App_ExampleUITestsLaunchTests.swift */,
			);
			path = Tab_App_ExampleUITests;
			sourceTree = "<group>";
		};
/* End PBXGroup section */

/* Begin PBXNativeTarget section */
		795BE7812AE00A8400A61317 /* Tab_App_Example */ = {
			isa = PBXNativeTarget;
			buildConfigurationList = 795BE7A62AE00A8700A61317 /* Build configuration list for PBXNativeTarget "Tab_App_Example" */;
			buildPhases = (
				795BE77E2AE00A8400A61317 /* Sources */,
				795BE77F2AE00A8400A61317 /* Frameworks */,
				795BE7802AE00A8400A61317 /* Resources */,
			);
			buildRules = (
			);
			dependencies = (
			);
			name = Tab_App_Example;
			productName = Tab_App_Example;
			productReference = 795BE7822AE00A8400A61317 /* Tab_App_Example.app */;
			productType = "com.apple.product-type.application";
		};
		795BE7912AE00A8700A61317 /* Tab_App_ExampleTests */ = {
			isa = PBXNativeTarget;
			buildConfigurationList = 795BE7A92AE00A8700A61317 /* Build configuration list for PBXNativeTarget "Tab_App_ExampleTests" */;
			buildPhases = (
				795BE78E2AE00A8700A61317 /* Sources */,
				795BE78F2AE00A8700A61317 /* Frameworks */,
				795BE7902AE00A8700A61317 /* Resources */,
			);
			buildRules = (
			);
			dependencies = (
				795BE7942AE00A8700A61317 /* PBXTargetDependency */,
			);
			name = Tab_App_ExampleTests;
			productName = Tab_App_ExampleTests;
			productReference = 795BE7922AE00A8700A61317 /* Tab_App_ExampleTests.xctest */;
			productType = "com.apple.product-type.bundle.unit-test";
		};
		795BE79B2AE00A8700A61317 /* Tab_App_ExampleUITests */ = {
			isa = PBXNativeTarget;
			buildConfigurationList = 795BE7AC2AE00A8700A61317 /* Build configuration list for PBXNativeTarget "Tab_App_ExampleUITests" */;
			buildPhases = (
				795BE7982AE00A8700A61317 /* Sources */,
				795BE7992AE00A8700A61317 /* Frameworks */,
				795BE79A2AE00A8700A61317 /* Resources */,
			);
			buildRules = (
			);
			dependencies = (
				795BE79E2AE00A8700A61317 /* PBXTargetDependency */,
			);
			name = Tab_App_ExampleUITests;
			productName = Tab_App_ExampleUITests;
			productReference = 795BE79C2AE00A8700A61317 /* Tab_App_ExampleUITests.xctest */;
			productType = "com.apple.product-type.bundle.ui-testing";
		};
/* End PBXNativeTarget section */

/* Begin PBXProject section */
		795BE77A2AE00A8400A61317 /* Project object */ = {
			isa = PBXProject;
			attributes = {
				BuildIndependentTargetsInParallel = 1;
				LastSwiftUpdateCheck = 1420;
				LastUpgradeCheck = 1420;
				TargetAttributes = {
					795BE7812AE00A8400A61317 = {
						CreatedOnToolsVersion = 14.2;
					};
					795BE7912AE00A8700A61317 = {
						CreatedOnToolsVersion = 14.2;
						TestTargetID = 795BE7812AE00A8400A61317;
					};
					795BE79B2AE00A8700A61317 = {
						CreatedOnToolsVersion = 14.2;
						TestTargetID = 795BE7812AE00A8400A61317;
					};
				};
			};
			buildConfigurationList = 795BE77D2AE00A8400A61317 /* Build configuration list for PBXProject "Tab_App_Example" */;
			compatibilityVersion = "Xcode 14.0";
			developmentRegion = en;
			hasScannedForEncodings = 0;
			knownRegions = (
				en,
				Base,
			);
			mainGroup = 795BE7792AE00A8400A61317;
			productRefGroup = 795BE7832AE00A8400A61317 /* Products */;
			projectDirPath = "";
			projectRoot = "";
			targets = (
				795BE7812AE00A8400A61317 /* Tab_App_Example */,
				795BE7912AE00A8700A61317 /* Tab_App_ExampleTests */,
				795BE79B2AE00A8700A61317 /* Tab_App_ExampleUITests */,
			);
		};
/* End PBXProject section */

/* Begin PBXResourcesBuildPhase section */
		795BE7802AE00A8400A61317 /* Resources */ = {
			isa = PBXResourcesBuildPhase;
			buildActionMask = 2147483647;
			files = (
				795BE78D2AE00A8600A61317 /* Preview Assets.xcassets in Resources */,
				795BE78A2AE00A8600A61317 /* Assets.xcassets in Resources */,
			);
			runOnlyForDeploymentPostprocessing = 0;
		};
		795BE7902AE00A8700A61317 /* Resources */ = {
			isa = PBXResourcesBuildPhase;
			buildActionMask = 2147483647;
			files = (
			);
			runOnlyForDeploymentPostprocessing = 0;
		};
		795BE79A2AE00A8700A61317 /* Resources */ = {
			isa = PBXResourcesBuildPhase;
			buildActionMask = 2147483647;
			files = (
			);
			runOnlyForDeploymentPostprocessing = 0;
		};
/* End PBXResourcesBuildPhase section */

/* Begin PBXSourcesBuildPhase section */
		795BE77E2AE00A8400A61317 /* Sources */ = {
			isa = PBXSourcesBuildPhase;
			buildActionMask = 2147483647;
			files = (
				795BE7882AE00A8400A61317 /* ContentView.swift in Sources */,
				795BE7B22AE00CB100A61317 /* SwiftUIView2.swift in Sources */,
				795BE7B42AE00CC200A61317 /* SwiftUIView3.swift in Sources */,
				795BE7862AE00A8400A61317 /* Tab_App_ExampleApp.swift in Sources */,
				795BE7B02AE00B1700A61317 /* SwiftUIView1.swift in Sources */,
			);
			runOnlyForDeploymentPostprocessing = 0;
		};
		795BE78E2AE00A8700A61317 /* Sources */ = {
			isa = PBXSourcesBuildPhase;
			buildActionMask = 2147483647;
			files = (
				795BE7972AE00A8700A61317 /* Tab_App_ExampleTests.swift in Sources */,
			);
			runOnlyForDeploymentPostprocessing = 0;
		};
		795BE7982AE00A8700A61317 /* Sources */ = {
			isa = PBXSourcesBuildPhase;
			buildActionMask = 2147483647;
			files = (
				795BE7A12AE00A8700A61317 /* Tab_App_ExampleUITests.swift in Sources */,
				795BE7A32AE00A8700A61317 /* Tab_App_ExampleUITestsLaunchTests.swift in Sources */,
			);
			runOnlyForDeploymentPostprocessing = 0;
		};
/* End PBXSourcesBuildPhase section */

/* Begin PBXTargetDependency section */
		795BE7942AE00A8700A61317 /* PBXTargetDependency */ = {
			isa = PBXTargetDependency;
			target = 795BE7812AE00A8400A61317 /* Tab_App_Example */;
			targetProxy = 795BE7932AE00A8700A61317 /* PBXContainerItemProxy */;
		};
		795BE79E2AE00A8700A61317 /* PBXTargetDependency */ = {
			isa = PBXTargetDependency;
			target = 795BE7812AE00A8400A61317 /* Tab_App_Example */;
			targetProxy = 795BE79D2AE00A8700A61317 /* PBXContainerItemProxy */;
		};
/* End PBXTargetDependency section */

/* Begin XCBuildConfiguration section */
		795BE7A42AE00A8700A61317 /* Debug */ = {
			isa = XCBuildConfiguration;
			buildSettings = {
				ALWAYS_SEARCH_USER_PATHS = NO;
				CLANG_ANALYZER_NONNULL = YES;
				CLANG_ANALYZER_NUMBER_OBJECT_CONVERSION = YES_AGGRESSIVE;
				CLANG_CXX_LANGUAGE_STANDARD = "gnu++20";
				CLANG_ENABLE_MODULES = YES;
				CLANG_ENABLE_OBJC_ARC = YES;
				CLANG_ENABLE_OBJC_WEAK = YES;
				CLANG_WARN_BLOCK_CAPTURE_AUTORELEASING = YES;
				CLANG_WARN_BOOL_CONVERSION = YES;
				CLANG_WARN_COMMA = YES;
				CLANG_WARN_CONSTANT_CONVERSION = YES;
				CLANG_WARN_DEPRECATED_OBJC_IMPLEMENTATIONS = YES;
				CLANG_WARN_DIRECT_OBJC_ISA_USAGE = YES_ERROR;
				CLANG_WARN_DOCUMENTATION_COMMENTS = YES;
				CLANG_WARN_EMPTY_BODY = YES;
				CLANG_WARN_ENUM_CONVERSION = YES;
				CLANG_WARN_INFINITE_RECURSION = YES;
				CLANG_WARN_INT_CONVERSION = YES;
				CLANG_WARN_NON_LITERAL_NULL_CONVERSION = YES;
				CLANG_WARN_OBJC_IMPLICIT_RETAIN_SELF = YES;
				CLANG_WARN_OBJC_LITERAL_CONVERSION = YES;
				CLANG_WARN_OBJC_ROOT_CLASS = YES_ERROR;
				CLANG_WARN_QUOTED_INCLUDE_IN_FRAMEWORK_HEADER = YES;
				CLANG_WARN_RANGE_LOOP_ANALYSIS = YES;
				CLANG_WARN_STRICT_PROTOTYPES = YES;
				CLANG_WARN_SUSPICIOUS_MOVE = YES;
				CLANG_WARN_UNGUARDED_AVAILABILITY = YES_AGGRESSIVE;
				CLANG_WARN_UNREACHABLE_CODE = YES;
				CLANG_WARN__DUPLICATE_METHOD_MATCH = YES;
				COPY_PHASE_STRIP = NO;
				DEBUG_INFORMATION_FORMAT = dwarf;
				ENABLE_STRICT_OBJC_MSGSEND = YES;
				ENABLE_TESTABILITY = YES;
				GCC_C_LANGUAGE_STANDARD = gnu11;
				GCC_DYNAMIC_NO_PIC = NO;
				GCC_NO_COMMON_BLOCKS = YES;
				GCC_OPTIMIZATION_LEVEL = 0;
				GCC_PREPROCESSOR_DEFINITIONS = (
					"DEBUG=1",
					"$(inherited)",
				);
				GCC_WARN_64_TO_32_BIT_CONVERSION = YES;
				GCC_WARN_ABOUT_RETURN_TYPE = YES_ERROR;
				GCC_WARN_UNDECLARED_SELECTOR = YES;
				GCC_WARN_UNINITIALIZED_AUTOS = YES_AGGRESSIVE;
				GCC_WARN_UNUSED_FUNCTION = YES;
				GCC_WARN_UNUSED_VARIABLE = YES;
				IPHONEOS_DEPLOYMENT_TARGET = 16.2;
				MTL_ENABLE_DEBUG_INFO = INCLUDE_SOURCE;
				MTL_FAST_MATH = YES;
				ONLY_ACTIVE_ARCH = YES;
				SDKROOT = iphoneos;
				SWIFT_ACTIVE_COMPILATION_CONDITIONS = DEBUG;
				SWIFT_OPTIMIZATION_LEVEL = "-Onone";
			};
			name = Debug;
		};
		795BE7A52AE00A8700A61317 /* Release */ = {
			isa = XCBuildConfiguration;
			buildSettings = {
				ALWAYS_SEARCH_USER_PATHS = NO;
				CLANG_ANALYZER_NONNULL = YES;
				CLANG_ANALYZER_NUMBER_OBJECT_CONVERSION = YES_AGGRESSIVE;
				CLANG_CXX_LANGUAGE_STANDARD = "gnu++20";
				CLANG_ENABLE_MODULES = YES;
				CLANG_ENABLE_OBJC_ARC = YES;
				CLANG_ENABLE_OBJC_WEAK = YES;
				CLANG_WARN_BLOCK_CAPTURE_AUTORELEASING = YES;
				CLANG_WARN_BOOL_CONVERSION = YES;
				CLANG_WARN_COMMA = YES;
				CLANG_WARN_CONSTANT_CONVERSION = YES;
				CLANG_WARN_DEPRECATED_OBJC_IMPLEMENTATIONS = YES;
				CLANG_WARN_DIRECT_OBJC_ISA_USAGE = YES_ERROR;
				CLANG_WARN_DOCUMENTATION_COMMENTS = YES;
				CLANG_WARN_EMPTY_BODY = YES;
				CLANG_WARN_ENUM_CONVERSION = YES;
				CLANG_WARN_INFINITE_RECURSION = YES;
				CLANG_WARN_INT_CONVERSION = YES;
				CLANG_WARN_NON_LITERAL_NULL_CONVERSION = YES;
				CLANG_WARN_OBJC_IMPLICIT_RETAIN_SELF = YES;
				CLANG_WARN_OBJC_LITERAL_CONVERSION = YES;
				CLANG_WARN_OBJC_ROOT_CLASS = YES_ERROR;
				CLANG_WARN_QUOTED_INCLUDE_IN_FRAMEWORK_HEADER = YES;
				CLANG_WARN_RANGE_LOOP_ANALYSIS = YES;
				CLANG_WARN_STRICT_PROTOTYPES = YES;
				CLANG_WARN_SUSPICIOUS_MOVE = YES;
				CLANG_WARN_UNGUARDED_AVAILABILITY = YES_AGGRESSIVE;
				CLANG_WARN_UNREACHABLE_CODE = YES;
				CLANG_WARN__DUPLICATE_METHOD_MATCH = YES;
				COPY_PHASE_STRIP = NO;
				DEBUG_INFORMATION_FORMAT = "dwarf-with-dsym";
				ENABLE_NS_ASSERTIONS = NO;
				ENABLE_STRICT_OBJC_MSGSEND = YES;
				GCC_C_LANGUAGE_STANDARD = gnu11;
				GCC_NO_COMMON_BLOCKS = YES;
				GCC_WARN_64_TO_32_BIT_CONVERSION = YES;
				GCC_WARN_ABOUT_RETURN_TYPE = YES_ERROR;
				GCC_WARN_UNDECLARED_SELECTOR = YES;
				GCC_WARN_UNINITIALIZED_AUTOS = YES_AGGRESSIVE;
				GCC_WARN_UNUSED_FUNCTION = YES;
				GCC_WARN_UNUSED_VARIABLE = YES;
				IPHONEOS_DEPLOYMENT_TARGET = 16.2;
				MTL_ENABLE_DEBUG_INFO = NO;
				MTL_FAST_MATH = YES;
				SDKROOT = iphoneos;
				SWIFT_COMPILATION_MODE = wholemodule;
				SWIFT_OPTIMIZATION_LEVEL = "-O";
				VALIDATE_PRODUCT = YES;
			};
			name = Release;
		};
		795BE7A72AE00A8700A61317 /* Debug */ = {
			isa = XCBuildConfiguration;
			buildSettings = {
				ASSETCATALOG_COMPILER_APPICON_NAME = AppIcon;
				ASSETCATALOG_COMPILER_GLOBAL_ACCENT_COLOR_NAME = AccentColor;
				CODE_SIGN_STYLE = Automatic;
				CURRENT_PROJECT_VERSION = 1;
				DEVELOPMENT_ASSET_PATHS = "\"Tab_App_Example/Preview Content\"";
				DEVELOPMENT_TEAM = 6JD548BN3B;
				ENABLE_PREVIEWS = YES;
				GENERATE_INFOPLIST_FILE = YES;
				INFOPLIST_KEY_UIApplicationSceneManifest_Generation = YES;
				INFOPLIST_KEY_UIApplicationSupportsIndirectInputEvents = YES;
				INFOPLIST_KEY_UILaunchScreen_Generation = YES;
				INFOPLIST_KEY_UISupportedInterfaceOrientations_iPad = "UIInterfaceOrientationPortrait UIInterfaceOrientationPortraitUpsideDown UIInterfaceOrientationLandscapeLeft UIInterfaceOrientationLandscapeRight";
				INFOPLIST_KEY_UISupportedInterfaceOrientations_iPhone = "UIInterfaceOrientationPortrait UIInterfaceOrientationLandscapeLeft UIInterfaceOrientationLandscapeRight";
				LD_RUNPATH_SEARCH_PATHS = (
					"$(inherited)",
					"@executable_path/Frameworks",
				);
				MARKETING_VERSION = 1.0;
				PRODUCT_BUNDLE_IDENTIFIER = "com.BulldogVenturesInc.Tab-App-Example";
				PRODUCT_NAME = "$(TARGET_NAME)";
				SWIFT_EMIT_LOC_STRINGS = YES;
				SWIFT_VERSION = 5.0;
				TARGETED_DEVICE_FAMILY = "1,2";
			};
			name = Debug;
		};
		795BE7A82AE00A8700A61317 /* Release */ = {
			isa = XCBuildConfiguration;
			buildSettings = {
				ASSETCATALOG_COMPILER_APPICON_NAME = AppIcon;
				ASSETCATALOG_COMPILER_GLOBAL_ACCENT_COLOR_NAME = AccentColor;
				CODE_SIGN_STYLE = Automatic;
				CURRENT_PROJECT_VERSION = 1;
				DEVELOPMENT_ASSET_PATHS = "\"Tab_App_Example/Preview Content\"";
				DEVELOPMENT_TEAM = 6JD548BN3B;
				ENABLE_PREVIEWS = YES;
				GENERATE_INFOPLIST_FILE = YES;
				INFOPLIST_KEY_UIApplicationSceneManifest_Generation = YES;
				INFOPLIST_KEY_UIApplicationSupportsIndirectInputEvents = YES;
				INFOPLIST_KEY_UILaunchScreen_Generation = YES;
				INFOPLIST_KEY_UISupportedInterfaceOrientations_iPad = "UIInterfaceOrientationPortrait UIInterfaceOrientationPortraitUpsideDown UIInterfaceOrientationLandscapeLeft UIInterfaceOrientationLandscapeRight";
				INFOPLIST_KEY_UISupportedInterfaceOrientations_iPhone = "UIInterfaceOrientationPortrait UIInterfaceOrientationLandscapeLeft UIInterfaceOrientationLandscapeRight";
				LD_RUNPATH_SEARCH_PATHS = (
					"$(inherited)",
					"@executable_path/Frameworks",
				);
				MARKETING_VERSION = 1.0;
				PRODUCT_BUNDLE_IDENTIFIER = "com.BulldogVenturesInc.Tab-App-Example";
				PRODUCT_NAME = "$(TARGET_NAME)";
				SWIFT_EMIT_LOC_STRINGS = YES;
				SWIFT_VERSION = 5.0;
				TARGETED_DEVICE_FAMILY = "1,2";
			};
			name = Release;
		};
		795BE7AA2AE00A8700A61317 /* Debug */ = {
			isa = XCBuildConfiguration;
			buildSettings = {
				ALWAYS_EMBED_SWIFT_STANDARD_LIBRARIES = YES;
				BUNDLE_LOADER = "$(TEST_HOST)";
				CODE_SIGN_STYLE = Automatic;
				CURRENT_PROJECT_VERSION = 1;
				DEVELOPMENT_TEAM = 6JD548BN3B;
				GENERATE_INFOPLIST_FILE = YES;
				IPHONEOS_DEPLOYMENT_TARGET = 16.2;
				MARKETING_VERSION = 1.0;
				PRODUCT_BUNDLE_IDENTIFIER = "com.BulldogVenturesInc.Tab-App-ExampleTests";
				PRODUCT_NAME = "$(TARGET_NAME)";
				SWIFT_EMIT_LOC_STRINGS = NO;
				SWIFT_VERSION = 5.0;
				TARGETED_DEVICE_FAMILY = "1,2";
				TEST_HOST = "$(BUILT_PRODUCTS_DIR)/Tab_App_Example.app/$(BUNDLE_EXECUTABLE_FOLDER_PATH)/Tab_App_Example";
			};
			name = Debug;
		};
		795BE7AB2AE00A8700A61317 /* Release */ = {
			isa = XCBuildConfiguration;
			buildSettings = {
				ALWAYS_EMBED_SWIFT_STANDARD_LIBRARIES = YES;
				BUNDLE_LOADER = "$(TEST_HOST)";
				CODE_SIGN_STYLE = Automatic;
				CURRENT_PROJECT_VERSION = 1;
				DEVELOPMENT_TEAM = 6JD548BN3B;
				GENERATE_INFOPLIST_FILE = YES;
				IPHONEOS_DEPLOYMENT_TARGET = 16.2;
				MARKETING_VERSION = 1.0;
				PRODUCT_BUNDLE_IDENTIFIER = "com.BulldogVenturesInc.Tab-App-ExampleTests";
				PRODUCT_NAME = "$(TARGET_NAME)";
				SWIFT_EMIT_LOC_STRINGS = NO;
				SWIFT_VERSION = 5.0;
				TARGETED_DEVICE_FAMILY = "1,2";
				TEST_HOST = "$(BUILT_PRODUCTS_DIR)/Tab_App_Example.app/$(BUNDLE_EXECUTABLE_FOLDER_PATH)/Tab_App_Example";
			};
			name = Release;
		};
		795BE7AD2AE00A8700A61317 /* Debug */ = {
			isa = XCBuildConfiguration;
			buildSettings = {
				ALWAYS_EMBED_SWIFT_STANDARD_LIBRARIES = YES;
				CODE_SIGN_STYLE = Automatic;
				CURRENT_PROJECT_VERSION = 1;
				DEVELOPMENT_TEAM = 6JD548BN3B;
				GENERATE_INFOPLIST_FILE = YES;
				MARKETING_VERSION = 1.0;
				PRODUCT_BUNDLE_IDENTIFIER = "com.BulldogVenturesInc.Tab-App-ExampleUITests";
				PRODUCT_NAME = "$(TARGET_NAME)";
				SWIFT_EMIT_LOC_STRINGS = NO;
				SWIFT_VERSION = 5.0;
				TARGETED_DEVICE_FAMILY = "1,2";
				TEST_TARGET_NAME = Tab_App_Example;
			};
			name = Debug;
		};
		795BE7AE2AE00A8700A61317 /* Release */ = {
			isa = XCBuildConfiguration;
			buildSettings = {
				ALWAYS_EMBED_SWIFT_STANDARD_LIBRARIES = YES;
				CODE_SIGN_STYLE = Automatic;
				CURRENT_PROJECT_VERSION = 1;
				DEVELOPMENT_TEAM = 6JD548BN3B;
				GENERATE_INFOPLIST_FILE = YES;
				MARKETING_VERSION = 1.0;
				PRODUCT_BUNDLE_IDENTIFIER = "com.BulldogVenturesInc.Tab-App-ExampleUITests";
				PRODUCT_NAME = "$(TARGET_NAME)";
				SWIFT_EMIT_LOC_STRINGS = NO;
				SWIFT_VERSION = 5.0;
				TARGETED_DEVICE_FAMILY = "1,2";
				TEST_TARGET_NAME = Tab_App_Example;
			};
			name = Release;
		};
/* End XCBuildConfiguration section */

/* Begin XCConfigurationList section */
		795BE77D2AE00A8400A61317 /* Build configuration list for PBXProject "Tab_App_Example" */ = {
			isa = XCConfigurationList;
			buildConfigurations = (
				795BE7A42AE00A8700A61317 /* Debug */,
				795BE7A52AE00A8700A61317 /* Release */,
			);
			defaultConfigurationIsVisible = 0;
			defaultConfigurationName = Release;
		};
		795BE7A62AE00A8700A61317 /* Build configuration list for PBXNativeTarget "Tab_App_Example" */ = {
			isa = XCConfigurationList;
			buildConfigurations = (
				795BE7A72AE00A8700A61317 /* Debug */,
				795BE7A82AE00A8700A61317 /* Release */,
			);
			defaultConfigurationIsVisible = 0;
			defaultConfigurationName = Release;
		};
		795BE7A92AE00A8700A61317 /* Build configuration list for PBXNativeTarget "Tab_App_ExampleTests" */ = {
			isa = XCConfigurationList;
			buildConfigurations = (
				795BE7AA2AE00A8700A61317 /* Debug */,
				795BE7AB2AE00A8700A61317 /* Release */,
			);
			defaultConfigurationIsVisible = 0;
			defaultConfigurationName = Release;
		};
		795BE7AC2AE00A8700A61317 /* Build configuration list for PBXNativeTarget "Tab_App_ExampleUITests" */ = {
			isa = XCConfigurationList;
			buildConfigurations = (
				795BE7AD2AE00A8700A61317 /* Debug */,
				795BE7AE2AE00A8700A61317 /* Release */,
			);
			defaultConfigurationIsVisible = 0;
			defaultConfigurationName = Release;
		};
/* End XCConfigurationList section */
	};
	rootObject = 795BE77A2AE00A8400A61317 /* Project object */;
}
